
Microsoft Visual Studio Solution File, Format Version 12.00
# Visual Studio Version 17
VisualStudioVersion = 17.13.35825.156 d17.13
MinimumVisualStudioVersion = 10.0.40219.1
Project("{FAE04EC0-301F-11D3-BF4B-00C04F79EFBC}") = "DIExample", "DIExample\DIExample.csproj", "{790A8002-9073-46FD-8B88-2F0FF83D78AE}"
EndProject
Project("{FAE04EC0-301F-11D3-BF4B-00C04F79EFBC}") = "Services", "Services\Services.csproj", "{00563E74-BA05-491F-847E-6F697F320172}"
EndProject
Global
	GlobalSection(SolutionConfigurationPlatforms) = preSolution
		Debug|Any CPU = Debug|Any CPU
		Release|Any CPU = Release|Any CPU
	EndGlobalSection
	GlobalSection(ProjectConfigurationPlatforms) = postSolution
		{790A8002-9073-46FD-8B88-2F0FF83D78AE}.Debug|Any CPU.ActiveCfg = Debug|Any CPU
		{790A8002-9073-46FD-8B88-2F0FF83D78AE}.Debug|Any CPU.Build.0 = Debug|Any CPU
		{790A8002-9073-46FD-8B88-2F0FF83D78AE}.Release|Any CPU.ActiveCfg = Release|Any CPU
		{790A8002-9073-46FD-8B88-2F0FF83D78AE}.Release|Any CPU.Build.0 = Release|Any CPU
		{00563E74-BA05-491F-847E-6F697F320172}.Debug|Any CPU.ActiveCfg = Debug|Any CPU
		{00563E74-BA05-491F-847E-6F697F320172}.Debug|Any CPU.Build.0 = Debug|Any CPU
		{00563E74-BA05-491F-847E-6F697F320172}.Release|Any CPU.ActiveCfg = Release|Any CPU
		{00563E74-BA05-491F-847E-6F697F320172}.Release|Any CPU.Build.0 = Release|Any CPU
	EndGlobalSection
	GlobalSection(SolutionProperties) = preSolution
		HideSolutionNode = FALSE
	EndGlobalSection
	GlobalSection(ExtensibilityGlobals) = postSolution
		SolutionGuid = {3441FE16-338E-419C-87FF-DDE77414C29B}
	EndGlobalSection
EndGlobal
