
Microsoft Visual Studio Solution File, Format Version 12.00
# Visual Studio Version 17
VisualStudioVersion = 17.10.35027.167
MinimumVisualStudioVersion = 10.0.40219.1
Project("{FAE04EC0-301F-11D3-BF4B-00C04F79EFBC}") = "MiddlewareExample", "MiddlewareExample.csproj", "{6C6E74FB-7895-4F52-BBBC-B3CD0E40D503}"
EndProject
Global
	GlobalSection(SolutionConfigurationPlatforms) = preSolution
		Debug|Any CPU = Debug|Any CPU
		Release|Any CPU = Release|Any CPU
	EndGlobalSection
	GlobalSection(ProjectConfigurationPlatforms) = postSolution
		{6C6E74FB-7895-4F52-BBBC-B3CD0E40D503}.Debug|Any CPU.ActiveCfg = Debug|Any CPU
		{6C6E74FB-7895-4F52-BBBC-B3CD0E40D503}.Debug|Any CPU.Build.0 = Debug|Any CPU
		{6C6E74FB-7895-4F52-BBBC-B3CD0E40D503}.Release|Any CPU.ActiveCfg = Release|Any CPU
		{6C6E74FB-7895-4F52-BBBC-B3CD0E40D503}.Release|Any CPU.Build.0 = Release|Any CPU
	EndGlobalSection
	GlobalSection(SolutionProperties) = preSolution
		HideSolutionNode = FALSE
	EndGlobalSection
	GlobalSection(ExtensibilityGlobals) = postSolution
		SolutionGuid = {B8F65185-77BE-4CA6-89BF-37EF155D00C9}
	EndGlobalSection
EndGlobal
