
Microsoft Visual Studio Solution File, Format Version 12.00
# Visual Studio Version 17
VisualStudioVersion = 17.10.35027.167
MinimumVisualStudioVersion = 10.0.40219.1
Project("{FAE04EC0-301F-11D3-BF4B-00C04F79EFBC}") = "IActionResultExample", "IActionResultExample.csproj", "{CC3F7631-4B30-46CF-A7EB-B0CB16A53755}"
EndProject
Global
	GlobalSection(SolutionConfigurationPlatforms) = preSolution
		Debug|Any CPU = Debug|Any CPU
		Release|Any CPU = Release|Any CPU
	EndGlobalSection
	GlobalSection(ProjectConfigurationPlatforms) = postSolution
		{CC3F7631-4B30-46CF-A7EB-B0CB16A53755}.Debug|Any CPU.ActiveCfg = Debug|Any CPU
		{CC3F7631-4B30-46CF-A7EB-B0CB16A53755}.Debug|Any CPU.Build.0 = Debug|Any CPU
		{CC3F7631-4B30-46CF-A7EB-B0CB16A53755}.Release|Any CPU.ActiveCfg = Release|Any CPU
		{CC3F7631-4B30-46CF-A7EB-B0CB16A53755}.Release|Any CPU.Build.0 = Release|Any CPU
	EndGlobalSection
	GlobalSection(SolutionProperties) = preSolution
		HideSolutionNode = FALSE
	EndGlobalSection
	GlobalSection(ExtensibilityGlobals) = postSolution
		SolutionGuid = {4F99BA73-76D4-425E-8CF5-8F4DC9A48932}
	EndGlobalSection
EndGlobal
